<?xml version="1.0" encoding="utf-8"?>
<Project ToolsVersion="4.0" xmlns="http://schemas.microsoft.com/developer/msbuild/2003">
  <ItemGroup>
    <Filter Include="Source Files">
      <UniqueIdentifier>{4FC737F1-C7A5-4376-A066-2A32D752A2FF}</UniqueIdentifier>
      <Extensions>cpp;c;cc;cxx;c++;cppm;ixx;def;odl;idl;hpj;bat;asm;asmx</Extensions>
    </Filter>
    <Filter Include="Header Files">
      <UniqueIdentifier>{93995380-89BD-4b04-88EB-625FBE52EBFB}</UniqueIdentifier>
      <Extensions>h;hh;hpp;hxx;h++;hm;inl;inc;ipp;xsd</Extensions>
    </Filter>
    <Filter Include="Resource Files">
      <UniqueIdentifier>{67DA6AB6-F800-4c08-8B7A-83BB121AAD01}</UniqueIdentifier>
      <Extensions>rc;ico;cur;bmp;dlg;rc2;rct;bin;rgs;gif;jpg;jpeg;jpe;resx;tiff;tif;png;wav;mfcribbon-ms</Extensions>
    </Filter>
  </ItemGroup>
  <ItemGroup>
    <ClInclude Include="Base.h">
      <Filter>Header Files</Filter>
    </ClInclude>
    <ClInclude Include="MyForm.h">
      <Filter>Header Files</Filter>
    </ClInclude>
    <ClInclude Include="Kirby.h">
      <Filter>Header Files</Filter>
    </ClInclude>
    <ClInclude Include="Basura.h">
      <Filter>Header Files</Filter>
    </ClInclude>
    <ClInclude Include="Pulpo.h">
      <Filter>Header Files</Filter>
    </ClInclude>
    <ClInclude Include="Pez.h">
      <Filter>Header Files</Filter>
    </ClInclude>
    <ClInclude Include="Condor.h">
      <Filter>Header Files</Filter>
    </ClInclude>
    <ClInclude Include="Granizo.h">
      <Filter>Header Files</Filter>
    </ClInclude>
    <ClInclude Include="Cushuro.h">
      <Filter>Header Files</Filter>
    </ClInclude>
    <ClInclude Include="Pirana.h">
      <Filter>Header Files</Filter>
    </ClInclude>
    <ClInclude Include="Anaconda.h">
      <Filter>Header Files</Filter>
    </ClInclude>
    <ClInclude Include="Arana.h">
      <Filter>Header Files</Filter>
    </ClInclude>
    <ClInclude Include="Fruta.h">
      <Filter>Header Files</Filter>
    </ClInclude>
    <ClInclude Include="Nivel.h">
      <Filter>Header Files</Filter>
    </ClInclude>
    <ClInclude Include="Costa.h">
      <Filter>Header Files</Filter>
    </ClInclude>
    <ClInclude Include="Sierra.h">
      <Filter>Header Files</Filter>
    </ClInclude>
    <ClInclude Include="Selva.h">
      <Filter>Header Files</Filter>
    </ClInclude>
    <ClInclude Include="Juego.h">
      <Filter>Header Files</Filter>
    </ClInclude>
    <ClInclude Include="Tentaculos.h">
      <Filter>Header Files</Filter>
    </ClInclude>
    <ClInclude Include="Bala.h">
      <Filter>Header Files</Filter>
    </ClInclude>
    <ClInclude Include="MyForm1.h">
      <Filter>Header Files</Filter>
    </ClInclude>
    <ClInclude Include="MyForm2.h">
      <Filter>Header Files</Filter>
    </ClInclude>
    <ClInclude Include="MyForm3.h">
      <Filter>Header Files</Filter>
    </ClInclude>
    <ClInclude Include="MyForm4.h">
      <Filter>Header Files</Filter>
    </ClInclude>
  </ItemGroup>
  <ItemGroup>
    <ClCompile Include="Base.cpp">
      <Filter>Source Files</Filter>
    </ClCompile>
    <ClCompile Include="MyForm.cpp">
      <Filter>Source Files</Filter>
    </ClCompile>
    <ClCompile Include="Kirby.cpp">
      <Filter>Source Files</Filter>
    </ClCompile>
    <ClCompile Include="Basura.cpp">
      <Filter>Source Files</Filter>
    </ClCompile>
    <ClCompile Include="Pulpo.cpp">
      <Filter>Source Files</Filter>
    </ClCompile>
    <ClCompile Include="Pez.cpp">
      <Filter>Source Files</Filter>
    </ClCompile>
    <ClCompile Include="Condor.cpp">
      <Filter>Source Files</Filter>
    </ClCompile>
    <ClCompile Include="Granizo.cpp">
      <Filter>Source Files</Filter>
    </ClCompile>
    <ClCompile Include="Cushuro.cpp">
      <Filter>Source Files</Filter>
    </ClCompile>
    <ClCompile Include="Pirana.cpp">
      <Filter>Source Files</Filter>
    </ClCompile>
    <ClCompile Include="Anaconda.cpp">
      <Filter>Source Files</Filter>
    </ClCompile>
    <ClCompile Include="Arana.cpp">
      <Filter>Source Files</Filter>
    </ClCompile>
    <ClCompile Include="Fruta.cpp">
      <Filter>Source Files</Filter>
    </ClCompile>
    <ClCompile Include="Nivel.cpp">
      <Filter>Source Files</Filter>
    </ClCompile>
    <ClCompile Include="Costa.cpp">
      <Filter>Source Files</Filter>
    </ClCompile>
    <ClCompile Include="Sierra.cpp">
      <Filter>Source Files</Filter>
    </ClCompile>
    <ClCompile Include="Selva.cpp">
      <Filter>Source Files</Filter>
    </ClCompile>
    <ClCompile Include="Juego.cpp">
      <Filter>Source Files</Filter>
    </ClCompile>
    <ClCompile Include="Tentaculos.cpp">
      <Filter>Source Files</Filter>
    </ClCompile>
    <ClCompile Include="Bala.cpp">
      <Filter>Source Files</Filter>
    </ClCompile>
    <ClCompile Include="MyForm1.cpp">
      <Filter>Source Files</Filter>
    </ClCompile>
    <ClCompile Include="MyForm2.cpp">
      <Filter>Source Files</Filter>
    </ClCompile>
    <ClCompile Include="MyForm3.cpp">
      <Filter>Source Files</Filter>
    </ClCompile>
    <ClCompile Include="MyForm4.cpp">
      <Filter>Source Files</Filter>
    </ClCompile>
  </ItemGroup>
  <ItemGroup>
    <Text Include="..\..\Nueva carpeta (3)\eeee\INPUT.txt" />
    <Text Include="..\..\Nueva carpeta (3)\eeee\OUTPUT.txt" />
  </ItemGroup>
</Project>